// !$*UTF8*$!
{
	archiveVersion = 1;
	classes = {
	};
	objectVersion = 46;
	objects = {

/* Begin PBXBuildFile section */
		0F84C9D81F237B29001FECC8 /* AppDelegate.swift in Sources */ = {isa = PBXBuildFile; fileRef = 0F84C9D71F237B29001FECC8 /* AppDelegate.swift */; };
		0F84C9DA1F237B29001FECC8 /* ViewController.swift in Sources */ = {isa = PBXBuildFile; fileRef = 0F84C9D91F237B29001FECC8 /* ViewController.swift */; };
		0F84C9DD1F237B29001FECC8 /* Main.storyboard in Resources */ = {isa = PBXBuildFile; fileRef = 0F84C9DB1F237B29001FECC8 /* Main.storyboard */; };
		0F84C9DF1F237B29001FECC8 /* Assets.xcassets in Resources */ = {isa = PBXBuildFile; fileRef = 0F84C9DE1F237B29001FECC8 /* Assets.xcassets */; };
		0F84C9E21F237B29001FECC8 /* LaunchScreen.storyboard in Resources */ = {isa = PBXBuildFile; fileRef = 0F84C9E01F237B29001FECC8 /* LaunchScreen.storyboard */; };
		0F84C9ED1F237B29001FECC8 /* NikoTests.swift in Sources */ = {isa = PBXBuildFile; fileRef = 0F84C9EC1F237B29001FECC8 /* NikoTests.swift */; };
		0F84C9FE1F237BC6001FECC8 /* KeyboardViewController.swift in Sources */ = {isa = PBXBuildFile; fileRef = 0F84C9FD1F237BC6001FECC8 /* KeyboardViewController.swift */; };
		0F84CA021F237BC6001FECC8 /* Niko Barcode.appex in Embed App Extensions */ = {isa = PBXBuildFile; fileRef = 0F84C9FB1F237BC6001FECC8 /* Niko Barcode.appex */; settings = {ATTRIBUTES = (RemoveHeadersOnCopy, ); }; };
		0F84CA2C1F237F4B001FECC8 /* NikoBanner.swift in Sources */ = {isa = PBXBuildFile; fileRef = 0F84CA2B1F237F4B001FECC8 /* NikoBanner.swift */; };
		0F84CA2E1F238022001FECC8 /* NikoBarcode.swift in Sources */ = {isa = PBXBuildFile; fileRef = 0F84CA2D1F238022001FECC8 /* NikoBarcode.swift */; };
		181D66BF200CC89500CC6E78 /* AVFoundation.framework in Frameworks */ = {isa = PBXBuildFile; fileRef = 181D66BE200CC89300CC6E78 /* AVFoundation.framework */; };
		181D66C2200CD16000CC6E78 /* Foundation.framework in Frameworks */ = {isa = PBXBuildFile; fileRef = 181D66C0200CD15F00CC6E78 /* Foundation.framework */; };
		181D66C3200CD16000CC6E78 /* CoreFoundation.framework in Frameworks */ = {isa = PBXBuildFile; fileRef = 181D66C1200CD16000CC6E78 /* CoreFoundation.framework */; };
		182DCFF5200747F900112344 /* menu@3x.png in Resources */ = {isa = PBXBuildFile; fileRef = 182DCFF3200747F800112344 /* menu@3x.png */; };
		182DCFF6200747F900112344 /* menu@2x.png in Resources */ = {isa = PBXBuildFile; fileRef = 182DCFF4200747F900112344 /* menu@2x.png */; };
		182DCFF9200748AC00112344 /* IconSettings@2x.png in Resources */ = {isa = PBXBuildFile; fileRef = 182DCFF7200748AC00112344 /* IconSettings@2x.png */; };
		182DCFFA200748AC00112344 /* IconSettings@3x.png in Resources */ = {isa = PBXBuildFile; fileRef = 182DCFF8200748AC00112344 /* IconSettings@3x.png */; };
		182DD00120074AB800112344 /* bookMark@2x.png in Resources */ = {isa = PBXBuildFile; fileRef = 182DCFFB20074AB800112344 /* bookMark@2x.png */; };
		182DD00220074AB800112344 /* barcode@3x.png in Resources */ = {isa = PBXBuildFile; fileRef = 182DCFFC20074AB800112344 /* barcode@3x.png */; };
		182DD00320074AB800112344 /* settings@3x.png in Resources */ = {isa = PBXBuildFile; fileRef = 182DCFFD20074AB800112344 /* settings@3x.png */; };
		182DD00420074AB800112344 /* bookMark@3x.png in Resources */ = {isa = PBXBuildFile; fileRef = 182DCFFE20074AB800112344 /* bookMark@3x.png */; };
		182DD00520074AB800112344 /* barcode@2x.png in Resources */ = {isa = PBXBuildFile; fileRef = 182DCFFF20074AB800112344 /* barcode@2x.png */; };
		182DD00620074AB800112344 /* settings@2x.png in Resources */ = {isa = PBXBuildFile; fileRef = 182DD00020074AB800112344 /* settings@2x.png */; };
		182DD009200750B800112344 /* history@2x.png in Resources */ = {isa = PBXBuildFile; fileRef = 182DD007200750B700112344 /* history@2x.png */; };
		182DD00A200750B800112344 /* history@3x.png in Resources */ = {isa = PBXBuildFile; fileRef = 182DD008200750B800112344 /* history@3x.png */; };
		18AFF05B200CA62A00DDD7D9 /* Barcode.storyboard in Resources */ = {isa = PBXBuildFile; fileRef = 18AFF05A200CA62900DDD7D9 /* Barcode.storyboard */; };
		18AFF05D200CA6C400DDD7D9 /* BarcodeScaner.swift in Sources */ = {isa = PBXBuildFile; fileRef = 18AFF05C200CA6C400DDD7D9 /* BarcodeScaner.swift */; };
		18AFF060200CA94800DDD7D9 /* Constant.swift in Sources */ = {isa = PBXBuildFile; fileRef = 18AFF05F200CA94800DDD7D9 /* Constant.swift */; };
		18DF9A0C2005EBD100504CF7 /* DefaultSettings.swift in Sources */ = {isa = PBXBuildFile; fileRef = 18DF99F92005EBD000504CF7 /* DefaultSettings.swift */; };
		18DF9A0D2005EBD100504CF7 /* DefaultSettings.xib in Resources */ = {isa = PBXBuildFile; fileRef = 18DF99FA2005EBD000504CF7 /* DefaultSettings.xib */; };
		18DF9A0E2005EBD100504CF7 /* ExtraView.swift in Sources */ = {isa = PBXBuildFile; fileRef = 18DF99FB2005EBD000504CF7 /* ExtraView.swift */; };
		18DF9A0F2005EBD100504CF7 /* ImageKey.swift in Sources */ = {isa = PBXBuildFile; fileRef = 18DF99FC2005EBD000504CF7 /* ImageKey.swift */; };
		18DF9A102005EBD100504CF7 /* KeyboardConnector.swift in Sources */ = {isa = PBXBuildFile; fileRef = 18DF99FD2005EBD000504CF7 /* KeyboardConnector.swift */; };
		18DF9A112005EBD100504CF7 /* KeyboardKey.swift in Sources */ = {isa = PBXBuildFile; fileRef = 18DF99FE2005EBD000504CF7 /* KeyboardKey.swift */; };
		18DF9A122005EBD100504CF7 /* KeyboardKeyBackground.swift in Sources */ = {isa = PBXBuildFile; fileRef = 18DF99FF2005EBD000504CF7 /* KeyboardKeyBackground.swift */; };
		18DF9A132005EBD100504CF7 /* Shapes.swift in Sources */ = {isa = PBXBuildFile; fileRef = 18DF9A002005EBD000504CF7 /* Shapes.swift */; };
		18DF9A142005EBD100504CF7 /* DefaultKeyboard.swift in Sources */ = {isa = PBXBuildFile; fileRef = 18DF9A022005EBD100504CF7 /* DefaultKeyboard.swift */; };
		18DF9A152005EBD100504CF7 /* DirectionEnum.swift in Sources */ = {isa = PBXBuildFile; fileRef = 18DF9A032005EBD100504CF7 /* DirectionEnum.swift */; };
		18DF9A162005EBD100504CF7 /* KeyboardModel.swift in Sources */ = {isa = PBXBuildFile; fileRef = 18DF9A042005EBD100504CF7 /* KeyboardModel.swift */; };
		18DF9A172005EBD100504CF7 /* PunjabiKeyboard.swift in Sources */ = {isa = PBXBuildFile; fileRef = 18DF9A052005EBD100504CF7 /* PunjabiKeyboard.swift */; };
		18DF9A182005EBD100504CF7 /* Utilities.swift in Sources */ = {isa = PBXBuildFile; fileRef = 18DF9A072005EBD100504CF7 /* Utilities.swift */; };
		18DF9A192005EBD100504CF7 /* ForwardingView.swift in Sources */ = {isa = PBXBuildFile; fileRef = 18DF9A092005EBD100504CF7 /* ForwardingView.swift */; };
		18DF9A1A2005EBD100504CF7 /* KeyboardInputTraits.swift in Sources */ = {isa = PBXBuildFile; fileRef = 18DF9A0A2005EBD100504CF7 /* KeyboardInputTraits.swift */; };
		18DF9A1B2005EBD100504CF7 /* KeyboardLayout.swift in Sources */ = {isa = PBXBuildFile; fileRef = 18DF9A0B2005EBD100504CF7 /* KeyboardLayout.swift */; };
		18DF9A1F2005FFA700504CF7 /* UIColor+Niko.swift in Sources */ = {isa = PBXBuildFile; fileRef = 18DF9A1D2005FFA600504CF7 /* UIColor+Niko.swift */; };
		18DF9A202005FFA700504CF7 /* String+Niko.swift in Sources */ = {isa = PBXBuildFile; fileRef = 18DF9A1E2005FFA700504CF7 /* String+Niko.swift */; };
		18DF9A2220060D2C00504CF7 /* NikoConstant.swift in Sources */ = {isa = PBXBuildFile; fileRef = 18DF9A2120060D2C00504CF7 /* NikoConstant.swift */; };
		18DF9A2720061C7300504CF7 /* UIColor+Niko.swift in Sources */ = {isa = PBXBuildFile; fileRef = 18DF9A2520061C7300504CF7 /* UIColor+Niko.swift */; };
		18DF9A2820061C7300504CF7 /* String+Niko.swift in Sources */ = {isa = PBXBuildFile; fileRef = 18DF9A2620061C7300504CF7 /* String+Niko.swift */; };
		55894775F8289E434DC0BA07 /* Pods_Niko_Barcode.framework in Frameworks */ = {isa = PBXBuildFile; fileRef = A835CCADB42E1067C9EE636F /* Pods_Niko_Barcode.framework */; };
		70911B3B3197046DF2D52ED5 /* Pods_Niko.framework in Frameworks */ = {isa = PBXBuildFile; fileRef = 5E37B5EF8EBFAB0E992751B4 /* Pods_Niko.framework */; };
		E35548F295E84D1D8EA35CD0 /* Pods_NikoTests.framework in Frameworks */ = {isa = PBXBuildFile; fileRef = 5197251E9C09EC195FC537B1 /* Pods_NikoTests.framework */; };
/* End PBXBuildFile section */

/* Begin PBXContainerItemProxy section */
		0F84C9E91F237B29001FECC8 /* PBXContainerItemProxy */ = {
			isa = PBXContainerItemProxy;
			containerPortal = 0F84C9CC1F237B29001FECC8 /* Project object */;
			proxyType = 1;
			remoteGlobalIDString = 0F84C9D31F237B29001FECC8;
			remoteInfo = Niko;
		};
		0F84CA001F237BC6001FECC8 /* PBXContainerItemProxy */ = {
			isa = PBXContainerItemProxy;
			containerPortal = 0F84C9CC1F237B29001FECC8 /* Project object */;
			proxyType = 1;
			remoteGlobalIDString = 0F84C9FA1F237BC6001FECC8;
			remoteInfo = "Niko Barcode";
		};
/* End PBXContainerItemProxy section */

/* Begin PBXCopyFilesBuildPhase section */
		0F84CA061F237BC6001FECC8 /* Embed App Extensions */ = {
			isa = PBXCopyFilesBuildPhase;
			buildActionMask = 2147483647;
			dstPath = "";
			dstSubfolderSpec = 13;
			files = (
				0F84CA021F237BC6001FECC8 /* Niko Barcode.appex in Embed App Extensions */,
			);
			name = "Embed App Extensions";
			runOnlyForDeploymentPostprocessing = 0;
		};
/* End PBXCopyFilesBuildPhase section */

/* Begin PBXFileReference section */
		0F84C9D41F237B29001FECC8 /* Niko.app */ = {isa = PBXFileReference; explicitFileType = wrapper.application; includeInIndex = 0; path = Niko.app; sourceTree = BUILT_PRODUCTS_DIR; };
		0F84C9D71F237B29001FECC8 /* AppDelegate.swift */ = {isa = PBXFileReference; lastKnownFileType = sourcecode.swift; path = AppDelegate.swift; sourceTree = "<group>"; };
		0F84C9D91F237B29001FECC8 /* ViewController.swift */ = {isa = PBXFileReference; lastKnownFileType = sourcecode.swift; path = ViewController.swift; sourceTree = "<group>"; };
		0F84C9DC1F237B29001FECC8 /* Base */ = {isa = PBXFileReference; lastKnownFileType = file.storyboard; name = Base; path = Base.lproj/Main.storyboard; sourceTree = "<group>"; };
		0F84C9DE1F237B29001FECC8 /* Assets.xcassets */ = {isa = PBXFileReference; lastKnownFileType = folder.assetcatalog; path = Assets.xcassets; sourceTree = "<group>"; };
		0F84C9E11F237B29001FECC8 /* Base */ = {isa = PBXFileReference; lastKnownFileType = file.storyboard; name = Base; path = Base.lproj/LaunchScreen.storyboard; sourceTree = "<group>"; };
		0F84C9E31F237B29001FECC8 /* Info.plist */ = {isa = PBXFileReference; lastKnownFileType = text.plist.xml; path = Info.plist; sourceTree = "<group>"; };
		0F84C9E81F237B29001FECC8 /* NikoTests.xctest */ = {isa = PBXFileReference; explicitFileType = wrapper.cfbundle; includeInIndex = 0; path = NikoTests.xctest; sourceTree = BUILT_PRODUCTS_DIR; };
		0F84C9EC1F237B29001FECC8 /* NikoTests.swift */ = {isa = PBXFileReference; lastKnownFileType = sourcecode.swift; path = NikoTests.swift; sourceTree = "<group>"; };
		0F84C9EE1F237B29001FECC8 /* Info.plist */ = {isa = PBXFileReference; lastKnownFileType = text.plist.xml; path = Info.plist; sourceTree = "<group>"; };
		0F84C9FB1F237BC6001FECC8 /* Niko Barcode.appex */ = {isa = PBXFileReference; explicitFileType = "wrapper.app-extension"; includeInIndex = 0; path = "Niko Barcode.appex"; sourceTree = BUILT_PRODUCTS_DIR; };
		0F84C9FD1F237BC6001FECC8 /* KeyboardViewController.swift */ = {isa = PBXFileReference; lastKnownFileType = sourcecode.swift; path = KeyboardViewController.swift; sourceTree = "<group>"; };
		0F84C9FF1F237BC6001FECC8 /* Info.plist */ = {isa = PBXFileReference; lastKnownFileType = text.plist.xml; path = Info.plist; sourceTree = "<group>"; };
		0F84CA2B1F237F4B001FECC8 /* NikoBanner.swift */ = {isa = PBXFileReference; fileEncoding = 4; lastKnownFileType = sourcecode.swift; path = NikoBanner.swift; sourceTree = "<group>"; };
		0F84CA2D1F238022001FECC8 /* NikoBarcode.swift */ = {isa = PBXFileReference; fileEncoding = 4; lastKnownFileType = sourcecode.swift; path = NikoBarcode.swift; sourceTree = "<group>"; };
		17DA0F1D0D405AC0428F87A6 /* Pods-NikoTests.release.xcconfig */ = {isa = PBXFileReference; includeInIndex = 1; lastKnownFileType = text.xcconfig; name = "Pods-NikoTests.release.xcconfig"; path = "Pods/Target Support Files/Pods-NikoTests/Pods-NikoTests.release.xcconfig"; sourceTree = "<group>"; };
		181D66BE200CC89300CC6E78 /* AVFoundation.framework */ = {isa = PBXFileReference; lastKnownFileType = wrapper.framework; name = AVFoundation.framework; path = System/Library/Frameworks/AVFoundation.framework; sourceTree = SDKROOT; };
		181D66C0200CD15F00CC6E78 /* Foundation.framework */ = {isa = PBXFileReference; lastKnownFileType = wrapper.framework; name = Foundation.framework; path = System/Library/Frameworks/Foundation.framework; sourceTree = SDKROOT; };
		181D66C1200CD16000CC6E78 /* CoreFoundation.framework */ = {isa = PBXFileReference; lastKnownFileType = wrapper.framework; name = CoreFoundation.framework; path = System/Library/Frameworks/CoreFoundation.framework; sourceTree = SDKROOT; };
		182DCFF3200747F800112344 /* menu@3x.png */ = {isa = PBXFileReference; lastKnownFileType = image.png; path = "menu@3x.png"; sourceTree = "<group>"; };
		182DCFF4200747F900112344 /* menu@2x.png */ = {isa = PBXFileReference; lastKnownFileType = image.png; path = "menu@2x.png"; sourceTree = "<group>"; };
		182DCFF7200748AC00112344 /* IconSettings@2x.png */ = {isa = PBXFileReference; lastKnownFileType = image.png; path = "IconSettings@2x.png"; sourceTree = "<group>"; };
		182DCFF8200748AC00112344 /* IconSettings@3x.png */ = {isa = PBXFileReference; lastKnownFileType = image.png; path = "IconSettings@3x.png"; sourceTree = "<group>"; };
		182DCFFB20074AB800112344 /* bookMark@2x.png */ = {isa = PBXFileReference; lastKnownFileType = image.png; path = "bookMark@2x.png"; sourceTree = "<group>"; };
		182DCFFC20074AB800112344 /* barcode@3x.png */ = {isa = PBXFileReference; lastKnownFileType = image.png; path = "barcode@3x.png"; sourceTree = "<group>"; };
		182DCFFD20074AB800112344 /* settings@3x.png */ = {isa = PBXFileReference; lastKnownFileType = image.png; path = "settings@3x.png"; sourceTree = "<group>"; };
		182DCFFE20074AB800112344 /* bookMark@3x.png */ = {isa = PBXFileReference; lastKnownFileType = image.png; path = "bookMark@3x.png"; sourceTree = "<group>"; };
		182DCFFF20074AB800112344 /* barcode@2x.png */ = {isa = PBXFileReference; lastKnownFileType = image.png; path = "barcode@2x.png"; sourceTree = "<group>"; };
		182DD00020074AB800112344 /* settings@2x.png */ = {isa = PBXFileReference; lastKnownFileType = image.png; path = "settings@2x.png"; sourceTree = "<group>"; };
		182DD007200750B700112344 /* history@2x.png */ = {isa = PBXFileReference; lastKnownFileType = image.png; path = "history@2x.png"; sourceTree = "<group>"; };
		182DD008200750B800112344 /* history@3x.png */ = {isa = PBXFileReference; lastKnownFileType = image.png; path = "history@3x.png"; sourceTree = "<group>"; };
		18AFF05A200CA62900DDD7D9 /* Barcode.storyboard */ = {isa = PBXFileReference; lastKnownFileType = file.storyboard; path = Barcode.storyboard; sourceTree = "<group>"; };
		18AFF05C200CA6C400DDD7D9 /* BarcodeScaner.swift */ = {isa = PBXFileReference; lastKnownFileType = sourcecode.swift; path = BarcodeScaner.swift; sourceTree = "<group>"; };
		18AFF05F200CA94800DDD7D9 /* Constant.swift */ = {isa = PBXFileReference; lastKnownFileType = sourcecode.swift; path = Constant.swift; sourceTree = "<group>"; };
		18DF99F92005EBD000504CF7 /* DefaultSettings.swift */ = {isa = PBXFileReference; fileEncoding = 4; lastKnownFileType = sourcecode.swift; path = DefaultSettings.swift; sourceTree = "<group>"; };
		18DF99FA2005EBD000504CF7 /* DefaultSettings.xib */ = {isa = PBXFileReference; fileEncoding = 4; lastKnownFileType = file.xib; path = DefaultSettings.xib; sourceTree = "<group>"; };
		18DF99FB2005EBD000504CF7 /* ExtraView.swift */ = {isa = PBXFileReference; fileEncoding = 4; lastKnownFileType = sourcecode.swift; path = ExtraView.swift; sourceTree = "<group>"; };
		18DF99FC2005EBD000504CF7 /* ImageKey.swift */ = {isa = PBXFileReference; fileEncoding = 4; lastKnownFileType = sourcecode.swift; path = ImageKey.swift; sourceTree = "<group>"; };
		18DF99FD2005EBD000504CF7 /* KeyboardConnector.swift */ = {isa = PBXFileReference; fileEncoding = 4; lastKnownFileType = sourcecode.swift; path = KeyboardConnector.swift; sourceTree = "<group>"; };
		18DF99FE2005EBD000504CF7 /* KeyboardKey.swift */ = {isa = PBXFileReference; fileEncoding = 4; lastKnownFileType = sourcecode.swift; path = KeyboardKey.swift; sourceTree = "<group>"; };
		18DF99FF2005EBD000504CF7 /* KeyboardKeyBackground.swift */ = {isa = PBXFileReference; fileEncoding = 4; lastKnownFileType = sourcecode.swift; path = KeyboardKeyBackground.swift; sourceTree = "<group>"; };
		18DF9A002005EBD000504CF7 /* Shapes.swift */ = {isa = PBXFileReference; fileEncoding = 4; lastKnownFileType = sourcecode.swift; path = Shapes.swift; sourceTree = "<group>"; };
		18DF9A022005EBD100504CF7 /* DefaultKeyboard.swift */ = {isa = PBXFileReference; fileEncoding = 4; lastKnownFileType = sourcecode.swift; path = DefaultKeyboard.swift; sourceTree = "<group>"; };
		18DF9A032005EBD100504CF7 /* DirectionEnum.swift */ = {isa = PBXFileReference; fileEncoding = 4; lastKnownFileType = sourcecode.swift; path = DirectionEnum.swift; sourceTree = "<group>"; };
		18DF9A042005EBD100504CF7 /* KeyboardModel.swift */ = {isa = PBXFileReference; fileEncoding = 4; lastKnownFileType = sourcecode.swift; path = KeyboardModel.swift; sourceTree = "<group>"; };
		18DF9A052005EBD100504CF7 /* PunjabiKeyboard.swift */ = {isa = PBXFileReference; fileEncoding = 4; lastKnownFileType = sourcecode.swift; path = PunjabiKeyboard.swift; sourceTree = "<group>"; };
		18DF9A072005EBD100504CF7 /* Utilities.swift */ = {isa = PBXFileReference; fileEncoding = 4; lastKnownFileType = sourcecode.swift; path = Utilities.swift; sourceTree = "<group>"; };
		18DF9A092005EBD100504CF7 /* ForwardingView.swift */ = {isa = PBXFileReference; fileEncoding = 4; lastKnownFileType = sourcecode.swift; path = ForwardingView.swift; sourceTree = "<group>"; };
		18DF9A0A2005EBD100504CF7 /* KeyboardInputTraits.swift */ = {isa = PBXFileReference; fileEncoding = 4; lastKnownFileType = sourcecode.swift; path = KeyboardInputTraits.swift; sourceTree = "<group>"; };
		18DF9A0B2005EBD100504CF7 /* KeyboardLayout.swift */ = {isa = PBXFileReference; fileEncoding = 4; lastKnownFileType = sourcecode.swift; path = KeyboardLayout.swift; sourceTree = "<group>"; };
		18DF9A1D2005FFA600504CF7 /* UIColor+Niko.swift */ = {isa = PBXFileReference; fileEncoding = 4; lastKnownFileType = sourcecode.swift; path = "UIColor+Niko.swift"; sourceTree = "<group>"; };
		18DF9A1E2005FFA700504CF7 /* String+Niko.swift */ = {isa = PBXFileReference; fileEncoding = 4; lastKnownFileType = sourcecode.swift; path = "String+Niko.swift"; sourceTree = "<group>"; };
		18DF9A2120060D2C00504CF7 /* NikoConstant.swift */ = {isa = PBXFileReference; lastKnownFileType = sourcecode.swift; path = NikoConstant.swift; sourceTree = "<group>"; };
		18DF9A2320061A1900504CF7 /* Niko.entitlements */ = {isa = PBXFileReference; lastKnownFileType = text.plist.entitlements; path = Niko.entitlements; sourceTree = "<group>"; };
		18DF9A2520061C7300504CF7 /* UIColor+Niko.swift */ = {isa = PBXFileReference; fileEncoding = 4; lastKnownFileType = sourcecode.swift; path = "UIColor+Niko.swift"; sourceTree = "<group>"; };
		18DF9A2620061C7300504CF7 /* String+Niko.swift */ = {isa = PBXFileReference; fileEncoding = 4; lastKnownFileType = sourcecode.swift; path = "String+Niko.swift"; sourceTree = "<group>"; };
		279F9E03E4184C1C461F00DC /* Pods-Niko Barcode.debug.xcconfig */ = {isa = PBXFileReference; includeInIndex = 1; lastKnownFileType = text.xcconfig; name = "Pods-Niko Barcode.debug.xcconfig"; path = "Pods/Target Support Files/Pods-Niko Barcode/Pods-Niko Barcode.debug.xcconfig"; sourceTree = "<group>"; };
		395DC8E2BB00876584F2709D /* Pods-Niko Barcode.release.xcconfig */ = {isa = PBXFileReference; includeInIndex = 1; lastKnownFileType = text.xcconfig; name = "Pods-Niko Barcode.release.xcconfig"; path = "Pods/Target Support Files/Pods-Niko Barcode/Pods-Niko Barcode.release.xcconfig"; sourceTree = "<group>"; };
		5197251E9C09EC195FC537B1 /* Pods_NikoTests.framework */ = {isa = PBXFileReference; explicitFileType = wrapper.framework; includeInIndex = 0; path = Pods_NikoTests.framework; sourceTree = BUILT_PRODUCTS_DIR; };
		5224217E5EAD118AA2727C5E /* Pods-Niko.debug.xcconfig */ = {isa = PBXFileReference; includeInIndex = 1; lastKnownFileType = text.xcconfig; name = "Pods-Niko.debug.xcconfig"; path = "Pods/Target Support Files/Pods-Niko/Pods-Niko.debug.xcconfig"; sourceTree = "<group>"; };
		5E37B5EF8EBFAB0E992751B4 /* Pods_Niko.framework */ = {isa = PBXFileReference; explicitFileType = wrapper.framework; includeInIndex = 0; path = Pods_Niko.framework; sourceTree = BUILT_PRODUCTS_DIR; };
		685DE8F840302D78255C9CEA /* Pods-NikoTests.debug.xcconfig */ = {isa = PBXFileReference; includeInIndex = 1; lastKnownFileType = text.xcconfig; name = "Pods-NikoTests.debug.xcconfig"; path = "Pods/Target Support Files/Pods-NikoTests/Pods-NikoTests.debug.xcconfig"; sourceTree = "<group>"; };
		A835CCADB42E1067C9EE636F /* Pods_Niko_Barcode.framework */ = {isa = PBXFileReference; explicitFileType = wrapper.framework; includeInIndex = 0; path = Pods_Niko_Barcode.framework; sourceTree = BUILT_PRODUCTS_DIR; };
		AAE6B959F8BEC20E789BDA3D /* Pods-Niko.release.xcconfig */ = {isa = PBXFileReference; includeInIndex = 1; lastKnownFileType = text.xcconfig; name = "Pods-Niko.release.xcconfig"; path = "Pods/Target Support Files/Pods-Niko/Pods-Niko.release.xcconfig"; sourceTree = "<group>"; };
/* End PBXFileReference section */

/* Begin PBXFrameworksBuildPhase section */
		0F84C9D11F237B29001FECC8 /* Frameworks */ = {
			isa = PBXFrameworksBuildPhase;
			buildActionMask = 2147483647;
			files = (
				181D66C2200CD16000CC6E78 /* Foundation.framework in Frameworks */,
				181D66C3200CD16000CC6E78 /* CoreFoundation.framework in Frameworks */,
				181D66BF200CC89500CC6E78 /* AVFoundation.framework in Frameworks */,
				70911B3B3197046DF2D52ED5 /* Pods_Niko.framework in Frameworks */,
			);
			runOnlyForDeploymentPostprocessing = 0;
		};
		0F84C9E51F237B29001FECC8 /* Frameworks */ = {
			isa = PBXFrameworksBuildPhase;
			buildActionMask = 2147483647;
			files = (
				E35548F295E84D1D8EA35CD0 /* Pods_NikoTests.framework in Frameworks */,
			);
			runOnlyForDeploymentPostprocessing = 0;
		};
		0F84C9F81F237BC6001FECC8 /* Frameworks */ = {
			isa = PBXFrameworksBuildPhase;
			buildActionMask = 2147483647;
			files = (
				55894775F8289E434DC0BA07 /* Pods_Niko_Barcode.framework in Frameworks */,
			);
			runOnlyForDeploymentPostprocessing = 0;
		};
/* End PBXFrameworksBuildPhase section */

/* Begin PBXGroup section */
		0F84C9CB1F237B29001FECC8 = {
			isa = PBXGroup;
			children = (
				0F84C9D61F237B29001FECC8 /* Niko */,
				0F84C9EB1F237B29001FECC8 /* NikoTests */,
				0F84C9FC1F237BC6001FECC8 /* Niko Barcode */,
				0F84C9D51F237B29001FECC8 /* Products */,
				FF65CA18C62BA055763EFE80 /* Pods */,
				F46FEE709C677BBE548DB065 /* Frameworks */,
			);
			sourceTree = "<group>";
		};
		0F84C9D51F237B29001FECC8 /* Products */ = {
			isa = PBXGroup;
			children = (
				0F84C9D41F237B29001FECC8 /* Niko.app */,
				0F84C9E81F237B29001FECC8 /* NikoTests.xctest */,
				0F84C9FB1F237BC6001FECC8 /* Niko Barcode.appex */,
			);
			name = Products;
			sourceTree = "<group>";
		};
		0F84C9D61F237B29001FECC8 /* Niko */ = {
			isa = PBXGroup;
			children = (
				18AFF05E200CA8FD00DDD7D9 /* Connection */,
				18AFF059200CA5A300DDD7D9 /* Bar code */,
				18DF9A2420061ACF00504CF7 /* Extension */,
				18DF9A2320061A1900504CF7 /* Niko.entitlements */,
				0F84C9D71F237B29001FECC8 /* AppDelegate.swift */,
				0F84C9D91F237B29001FECC8 /* ViewController.swift */,
				0F84C9DB1F237B29001FECC8 /* Main.storyboard */,
				0F84C9DE1F237B29001FECC8 /* Assets.xcassets */,
				0F84C9E01F237B29001FECC8 /* LaunchScreen.storyboard */,
				0F84C9E31F237B29001FECC8 /* Info.plist */,
			);
			path = Niko;
			sourceTree = "<group>";
		};
		0F84C9EB1F237B29001FECC8 /* NikoTests */ = {
			isa = PBXGroup;
			children = (
				0F84C9EC1F237B29001FECC8 /* NikoTests.swift */,
				0F84C9EE1F237B29001FECC8 /* Info.plist */,
			);
			path = NikoTests;
			sourceTree = "<group>";
		};
		0F84C9FC1F237BC6001FECC8 /* Niko Barcode */ = {
			isa = PBXGroup;
			children = (
				182DCFF12007478300112344 /* Resources */,
				18DF9A29200643AF00504CF7 /* BarCode */,
				18DF9A1C2005FF7600504CF7 /* Extension */,
				18DF9A082005EBD100504CF7 /* Controller */,
				18DF9A012005EBD100504CF7 /* Model */,
				18DF9A062005EBD100504CF7 /* Utility */,
				18DF99F82005EBD000504CF7 /* views */,
				0F84C9FD1F237BC6001FECC8 /* KeyboardViewController.swift */,
				0F84C9FF1F237BC6001FECC8 /* Info.plist */,
				0F84CA2B1F237F4B001FECC8 /* NikoBanner.swift */,
				0F84CA2D1F238022001FECC8 /* NikoBarcode.swift */,
				18DF9A2120060D2C00504CF7 /* NikoConstant.swift */,
			);
			path = "Niko Barcode";
			sourceTree = "<group>";
		};
		182DCFF12007478300112344 /* Resources */ = {
			isa = PBXGroup;
			children = (
				182DCFF22007479100112344 /* Images */,
			);
			path = Resources;
			sourceTree = "<group>";
		};
		182DCFF22007479100112344 /* Images */ = {
			isa = PBXGroup;
			children = (
				182DD007200750B700112344 /* history@2x.png */,
				182DD008200750B800112344 /* history@3x.png */,
				182DCFFF20074AB800112344 /* barcode@2x.png */,
				182DCFFC20074AB800112344 /* barcode@3x.png */,
				182DCFFB20074AB800112344 /* bookMark@2x.png */,
				182DCFFE20074AB800112344 /* bookMark@3x.png */,
				182DD00020074AB800112344 /* settings@2x.png */,
				182DCFFD20074AB800112344 /* settings@3x.png */,
				182DCFF7200748AC00112344 /* IconSettings@2x.png */,
				182DCFF8200748AC00112344 /* IconSettings@3x.png */,
				182DCFF4200747F900112344 /* menu@2x.png */,
				182DCFF3200747F800112344 /* menu@3x.png */,
			);
			path = Images;
			sourceTree = "<group>";
		};
		18AFF059200CA5A300DDD7D9 /* Bar code */ = {
			isa = PBXGroup;
			children = (
				18AFF05A200CA62900DDD7D9 /* Barcode.storyboard */,
				18AFF05C200CA6C400DDD7D9 /* BarcodeScaner.swift */,
				18AFF05F200CA94800DDD7D9 /* Constant.swift */,
			);
			path = "Bar code";
			sourceTree = "<group>";
		};
		18AFF05E200CA8FD00DDD7D9 /* Connection */ = {
			isa = PBXGroup;
			children = (
			);
			path = Connection;
			sourceTree = "<group>";
		};
		18DF99F82005EBD000504CF7 /* views */ = {
			isa = PBXGroup;
			children = (
				18DF99F92005EBD000504CF7 /* DefaultSettings.swift */,
				18DF99FA2005EBD000504CF7 /* DefaultSettings.xib */,
				18DF99FB2005EBD000504CF7 /* ExtraView.swift */,
				18DF99FC2005EBD000504CF7 /* ImageKey.swift */,
				18DF99FD2005EBD000504CF7 /* KeyboardConnector.swift */,
				18DF99FE2005EBD000504CF7 /* KeyboardKey.swift */,
				18DF99FF2005EBD000504CF7 /* KeyboardKeyBackground.swift */,
				18DF9A002005EBD000504CF7 /* Shapes.swift */,
			);
			name = views;
			path = Niko/views;
			sourceTree = SOURCE_ROOT;
		};
		18DF9A012005EBD100504CF7 /* Model */ = {
			isa = PBXGroup;
			children = (
				18DF9A022005EBD100504CF7 /* DefaultKeyboard.swift */,
				18DF9A032005EBD100504CF7 /* DirectionEnum.swift */,
				18DF9A042005EBD100504CF7 /* KeyboardModel.swift */,
				18DF9A052005EBD100504CF7 /* PunjabiKeyboard.swift */,
			);
			name = Model;
			path = Niko/Model;
			sourceTree = SOURCE_ROOT;
		};
		18DF9A062005EBD100504CF7 /* Utility */ = {
			isa = PBXGroup;
			children = (
				18DF9A072005EBD100504CF7 /* Utilities.swift */,
			);
			name = Utility;
			path = Niko/Utility;
			sourceTree = SOURCE_ROOT;
		};
		18DF9A082005EBD100504CF7 /* Controller */ = {
			isa = PBXGroup;
			children = (
				18DF9A092005EBD100504CF7 /* ForwardingView.swift */,
				18DF9A0A2005EBD100504CF7 /* KeyboardInputTraits.swift */,
				18DF9A0B2005EBD100504CF7 /* KeyboardLayout.swift */,
			);
			name = Controller;
			path = Niko/Controller;
			sourceTree = SOURCE_ROOT;
		};
		18DF9A1C2005FF7600504CF7 /* Extension */ = {
			isa = PBXGroup;
			children = (
				18DF9A1E2005FFA700504CF7 /* String+Niko.swift */,
				18DF9A1D2005FFA600504CF7 /* UIColor+Niko.swift */,
			);
			path = Extension;
			sourceTree = "<group>";
		};
		18DF9A2420061ACF00504CF7 /* Extension */ = {
			isa = PBXGroup;
			children = (
				18DF9A2620061C7300504CF7 /* String+Niko.swift */,
				18DF9A2520061C7300504CF7 /* UIColor+Niko.swift */,
			);
			path = Extension;
			sourceTree = "<group>";
		};
		18DF9A29200643AF00504CF7 /* BarCode */ = {
			isa = PBXGroup;
			children = (
			);
			path = BarCode;
			sourceTree = "<group>";
		};
		F46FEE709C677BBE548DB065 /* Frameworks */ = {
			isa = PBXGroup;
			children = (
				181D66C1200CD16000CC6E78 /* CoreFoundation.framework */,
				181D66C0200CD15F00CC6E78 /* Foundation.framework */,
				181D66BE200CC89300CC6E78 /* AVFoundation.framework */,
				5E37B5EF8EBFAB0E992751B4 /* Pods_Niko.framework */,
				A835CCADB42E1067C9EE636F /* Pods_Niko_Barcode.framework */,
				5197251E9C09EC195FC537B1 /* Pods_NikoTests.framework */,
			);
			name = Frameworks;
			sourceTree = "<group>";
		};
		FF65CA18C62BA055763EFE80 /* Pods */ = {
			isa = PBXGroup;
			children = (
				5224217E5EAD118AA2727C5E /* Pods-Niko.debug.xcconfig */,
				AAE6B959F8BEC20E789BDA3D /* Pods-Niko.release.xcconfig */,
				279F9E03E4184C1C461F00DC /* Pods-Niko Barcode.debug.xcconfig */,
				395DC8E2BB00876584F2709D /* Pods-Niko Barcode.release.xcconfig */,
				685DE8F840302D78255C9CEA /* Pods-NikoTests.debug.xcconfig */,
				17DA0F1D0D405AC0428F87A6 /* Pods-NikoTests.release.xcconfig */,
			);
			name = Pods;
			sourceTree = "<group>";
		};
/* End PBXGroup section */

/* Begin PBXNativeTarget section */
		0F84C9D31F237B29001FECC8 /* Niko */ = {
			isa = PBXNativeTarget;
			buildConfigurationList = 0F84C9F11F237B29001FECC8 /* Build configuration list for PBXNativeTarget "Niko" */;
			buildPhases = (
				7D4311B274C1FFBF69D42BC3 /* [CP] Check Pods Manifest.lock */,
				0F84C9D01F237B29001FECC8 /* Sources */,
				0F84C9D11F237B29001FECC8 /* Frameworks */,
				0F84C9D21F237B29001FECC8 /* Resources */,
				0F84CA061F237BC6001FECC8 /* Embed App Extensions */,
				12EC7188DB2804BE92E8EDB6 /* [CP] Embed Pods Frameworks */,
				AA6167FB9F20E777A02FEB81 /* [CP] Copy Pods Resources */,
			);
			buildRules = (
			);
			dependencies = (
				0F84CA011F237BC6001FECC8 /* PBXTargetDependency */,
			);
			name = Niko;
			productName = Niko;
			productReference = 0F84C9D41F237B29001FECC8 /* Niko.app */;
			productType = "com.apple.product-type.application";
		};
		0F84C9E71F237B29001FECC8 /* NikoTests */ = {
			isa = PBXNativeTarget;
			buildConfigurationList = 0F84C9F41F237B29001FECC8 /* Build configuration list for PBXNativeTarget "NikoTests" */;
			buildPhases = (
				C3673A5AC67A56858FBC10CF /* [CP] Check Pods Manifest.lock */,
				0F84C9E41F237B29001FECC8 /* Sources */,
				0F84C9E51F237B29001FECC8 /* Frameworks */,
				0F84C9E61F237B29001FECC8 /* Resources */,
				D76525662D1242BD025B1EA1 /* [CP] Embed Pods Frameworks */,
				3D708B7706E27A935B2BBE70 /* [CP] Copy Pods Resources */,
			);
			buildRules = (
			);
			dependencies = (
				0F84C9EA1F237B29001FECC8 /* PBXTargetDependency */,
			);
			name = NikoTests;
			productName = NikoTests;
			productReference = 0F84C9E81F237B29001FECC8 /* NikoTests.xctest */;
			productType = "com.apple.product-type.bundle.unit-test";
		};
		0F84C9FA1F237BC6001FECC8 /* Niko Barcode */ = {
			isa = PBXNativeTarget;
			buildConfigurationList = 0F84CA031F237BC6001FECC8 /* Build configuration list for PBXNativeTarget "Niko Barcode" */;
			buildPhases = (
				4AFB356EDBEA8B2B521F6A16 /* [CP] Check Pods Manifest.lock */,
				0F84C9F71F237BC6001FECC8 /* Sources */,
				0F84C9F81F237BC6001FECC8 /* Frameworks */,
				0F84C9F91F237BC6001FECC8 /* Resources */,
				E9EF5B7DF436C8732C2C7061 /* [CP] Copy Pods Resources */,
			);
			buildRules = (
			);
			dependencies = (
			);
			name = "Niko Barcode";
			productName = "Niko Barcode";
			productReference = 0F84C9FB1F237BC6001FECC8 /* Niko Barcode.appex */;
			productType = "com.apple.product-type.app-extension";
		};
/* End PBXNativeTarget section */

/* Begin PBXProject section */
		0F84C9CC1F237B29001FECC8 /* Project object */ = {
			isa = PBXProject;
			attributes = {
				LastSwiftUpdateCheck = 0800;
				LastUpgradeCheck = 0800;
				ORGANIZATIONNAME = Maahi;
				TargetAttributes = {
					0F84C9D31F237B29001FECC8 = {
						CreatedOnToolsVersion = 8.0;
						DevelopmentTeam = VAWH7R9NX3;
						ProvisioningStyle = Automatic;
						SystemCapabilities = {
							com.apple.ApplicationGroups.iOS = {
								enabled = 0;
							};
							com.apple.BackgroundModes = {
								enabled = 1;
							};
							com.apple.Push = {
								enabled = 1;
							};
						};
					};
					0F84C9E71F237B29001FECC8 = {
						CreatedOnToolsVersion = 8.0;
						LastSwiftMigration = 0920;
						ProvisioningStyle = Automatic;
						TestTargetID = 0F84C9D31F237B29001FECC8;
					};
					0F84C9FA1F237BC6001FECC8 = {
						CreatedOnToolsVersion = 8.0;
						DevelopmentTeam = VAWH7R9NX3;
						LastSwiftMigration = 0920;
						ProvisioningStyle = Automatic;
					};
				};
			};
			buildConfigurationList = 0F84C9CF1F237B29001FECC8 /* Build configuration list for PBXProject "Niko" */;
			compatibilityVersion = "Xcode 3.2";
			developmentRegion = English;
			hasScannedForEncodings = 0;
			knownRegions = (
				en,
				Base,
			);
			mainGroup = 0F84C9CB1F237B29001FECC8;
			productRefGroup = 0F84C9D51F237B29001FECC8 /* Products */;
			projectDirPath = "";
			projectRoot = "";
			targets = (
				0F84C9D31F237B29001FECC8 /* Niko */,
				0F84C9E71F237B29001FECC8 /* NikoTests */,
				0F84C9FA1F237BC6001FECC8 /* Niko Barcode */,
			);
		};
/* End PBXProject section */

/* Begin PBXResourcesBuildPhase section */
		0F84C9D21F237B29001FECC8 /* Resources */ = {
			isa = PBXResourcesBuildPhase;
			buildActionMask = 2147483647;
			files = (
				0F84C9E21F237B29001FECC8 /* LaunchScreen.storyboard in Resources */,
				18AFF05B200CA62A00DDD7D9 /* Barcode.storyboard in Resources */,
				0F84C9DF1F237B29001FECC8 /* Assets.xcassets in Resources */,
				0F84C9DD1F237B29001FECC8 /* Main.storyboard in Resources */,
			);
			runOnlyForDeploymentPostprocessing = 0;
		};
		0F84C9E61F237B29001FECC8 /* Resources */ = {
			isa = PBXResourcesBuildPhase;
			buildActionMask = 2147483647;
			files = (
			);
			runOnlyForDeploymentPostprocessing = 0;
		};
		0F84C9F91F237BC6001FECC8 /* Resources */ = {
			isa = PBXResourcesBuildPhase;
			buildActionMask = 2147483647;
			files = (
				182DD00620074AB800112344 /* settings@2x.png in Resources */,
				182DCFFA200748AC00112344 /* IconSettings@3x.png in Resources */,
				182DD00A200750B800112344 /* history@3x.png in Resources */,
				182DCFF5200747F900112344 /* menu@3x.png in Resources */,
				182DCFF6200747F900112344 /* menu@2x.png in Resources */,
				18DF9A0D2005EBD100504CF7 /* DefaultSettings.xib in Resources */,
				182DD00120074AB800112344 /* bookMark@2x.png in Resources */,
				182DD00520074AB800112344 /* barcode@2x.png in Resources */,
				182DD00220074AB800112344 /* barcode@3x.png in Resources */,
				182DD00320074AB800112344 /* settings@3x.png in Resources */,
				182DD009200750B800112344 /* history@2x.png in Resources */,
				182DD00420074AB800112344 /* bookMark@3x.png in Resources */,
				182DCFF9200748AC00112344 /* IconSettings@2x.png in Resources */,
			);
			runOnlyForDeploymentPostprocessing = 0;
		};
/* End PBXResourcesBuildPhase section */

/* Begin PBXShellScriptBuildPhase section */
		12EC7188DB2804BE92E8EDB6 /* [CP] Embed Pods Frameworks */ = {
			isa = PBXShellScriptBuildPhase;
			buildActionMask = 2147483647;
			files = (
			);
			inputPaths = (
			);
			name = "[CP] Embed Pods Frameworks";
			outputPaths = (
			);
			runOnlyForDeploymentPostprocessing = 0;
			shellPath = /bin/sh;
			shellScript = "\"${SRCROOT}/Pods/Target Support Files/Pods-Niko/Pods-Niko-frameworks.sh\"\n";
			showEnvVarsInLog = 0;
		};
		3D708B7706E27A935B2BBE70 /* [CP] Copy Pods Resources */ = {
			isa = PBXShellScriptBuildPhase;
			buildActionMask = 2147483647;
			files = (
			);
			inputPaths = (
			);
			name = "[CP] Copy Pods Resources";
			outputPaths = (
			);
			runOnlyForDeploymentPostprocessing = 0;
			shellPath = /bin/sh;
			shellScript = "\"${SRCROOT}/Pods/Target Support Files/Pods-NikoTests/Pods-NikoTests-resources.sh\"\n";
			showEnvVarsInLog = 0;
		};
		4AFB356EDBEA8B2B521F6A16 /* [CP] Check Pods Manifest.lock */ = {
			isa = PBXShellScriptBuildPhase;
			buildActionMask = 2147483647;
			files = (
			);
			inputPaths = (
				"${PODS_PODFILE_DIR_PATH}/Podfile.lock",
				"${PODS_ROOT}/Manifest.lock",
			);
			name = "[CP] Check Pods Manifest.lock";
			outputPaths = (
				"$(DERIVED_FILE_DIR)/Pods-Niko Barcode-checkManifestLockResult.txt",
			);
			runOnlyForDeploymentPostprocessing = 0;
			shellPath = /bin/sh;
			shellScript = "diff \"${PODS_PODFILE_DIR_PATH}/Podfile.lock\" \"${PODS_ROOT}/Manifest.lock\" > /dev/null\nif [ $? != 0 ] ; then\n    # print error to STDERR\n    echo \"error: The sandbox is not in sync with the Podfile.lock. Run 'pod install' or update your CocoaPods installation.\" >&2\n    exit 1\nfi\n# This output is used by Xcode 'outputs' to avoid re-running this script phase.\necho \"SUCCESS\" > \"${SCRIPT_OUTPUT_FILE_0}\"\n";
			showEnvVarsInLog = 0;
		};
		7D4311B274C1FFBF69D42BC3 /* [CP] Check Pods Manifest.lock */ = {
			isa = PBXShellScriptBuildPhase;
			buildActionMask = 2147483647;
			files = (
			);
			inputPaths = (
				"${PODS_PODFILE_DIR_PATH}/Podfile.lock",
				"${PODS_ROOT}/Manifest.lock",
			);
			name = "[CP] Check Pods Manifest.lock";
			outputPaths = (
				"$(DERIVED_FILE_DIR)/Pods-Niko-checkManifestLockResult.txt",
			);
			runOnlyForDeploymentPostprocessing = 0;
			shellPath = /bin/sh;
			shellScript = "diff \"${PODS_PODFILE_DIR_PATH}/Podfile.lock\" \"${PODS_ROOT}/Manifest.lock\" > /dev/null\nif [ $? != 0 ] ; then\n    # print error to STDERR\n    echo \"error: The sandbox is not in sync with the Podfile.lock. Run 'pod install' or update your CocoaPods installation.\" >&2\n    exit 1\nfi\n# This output is used by Xcode 'outputs' to avoid re-running this script phase.\necho \"SUCCESS\" > \"${SCRIPT_OUTPUT_FILE_0}\"\n";
			showEnvVarsInLog = 0;
		};
		AA6167FB9F20E777A02FEB81 /* [CP] Copy Pods Resources */ = {
			isa = PBXShellScriptBuildPhase;
			buildActionMask = 2147483647;
			files = (
			);
			inputPaths = (
			);
			name = "[CP] Copy Pods Resources";
			outputPaths = (
			);
			runOnlyForDeploymentPostprocessing = 0;
			shellPath = /bin/sh;
			shellScript = "\"${SRCROOT}/Pods/Target Support Files/Pods-Niko/Pods-Niko-resources.sh\"\n";
			showEnvVarsInLog = 0;
		};
		C3673A5AC67A56858FBC10CF /* [CP] Check Pods Manifest.lock */ = {
			isa = PBXShellScriptBuildPhase;
			buildActionMask = 2147483647;
			files = (
			);
			inputPaths = (
				"${PODS_PODFILE_DIR_PATH}/Podfile.lock",
				"${PODS_ROOT}/Manifest.lock",
			);
			name = "[CP] Check Pods Manifest.lock";
			outputPaths = (
				"$(DERIVED_FILE_DIR)/Pods-NikoTests-checkManifestLockResult.txt",
			);
			runOnlyForDeploymentPostprocessing = 0;
			shellPath = /bin/sh;
			shellScript = "diff \"${PODS_PODFILE_DIR_PATH}/Podfile.lock\" \"${PODS_ROOT}/Manifest.lock\" > /dev/null\nif [ $? != 0 ] ; then\n    # print error to STDERR\n    echo \"error: The sandbox is not in sync with the Podfile.lock. Run 'pod install' or update your CocoaPods installation.\" >&2\n    exit 1\nfi\n# This output is used by Xcode 'outputs' to avoid re-running this script phase.\necho \"SUCCESS\" > \"${SCRIPT_OUTPUT_FILE_0}\"\n";
			showEnvVarsInLog = 0;
		};
		D76525662D1242BD025B1EA1 /* [CP] Embed Pods Frameworks */ = {
			isa = PBXShellScriptBuildPhase;
			buildActionMask = 2147483647;
			files = (
			);
			inputPaths = (
			);
			name = "[CP] Embed Pods Frameworks";
			outputPaths = (
			);
			runOnlyForDeploymentPostprocessing = 0;
			shellPath = /bin/sh;
			shellScript = "\"${SRCROOT}/Pods/Target Support Files/Pods-NikoTests/Pods-NikoTests-frameworks.sh\"\n";
			showEnvVarsInLog = 0;
		};
		E9EF5B7DF436C8732C2C7061 /* [CP] Copy Pods Resources */ = {
			isa = PBXShellScriptBuildPhase;
			buildActionMask = 2147483647;
			files = (
			);
			inputPaths = (
			);
			name = "[CP] Copy Pods Resources";
			outputPaths = (
			);
			runOnlyForDeploymentPostprocessing = 0;
			shellPath = /bin/sh;
			shellScript = "\"${SRCROOT}/Pods/Target Support Files/Pods-Niko Barcode/Pods-Niko Barcode-resources.sh\"\n";
			showEnvVarsInLog = 0;
		};
/* End PBXShellScriptBuildPhase section */

/* Begin PBXSourcesBuildPhase section */
		0F84C9D01F237B29001FECC8 /* Sources */ = {
			isa = PBXSourcesBuildPhase;
			buildActionMask = 2147483647;
			files = (
				0F84C9DA1F237B29001FECC8 /* ViewController.swift in Sources */,
				0F84C9D81F237B29001FECC8 /* AppDelegate.swift in Sources */,
				18AFF05D200CA6C400DDD7D9 /* BarcodeScaner.swift in Sources */,
				18DF9A2720061C7300504CF7 /* UIColor+Niko.swift in Sources */,
				18DF9A2820061C7300504CF7 /* String+Niko.swift in Sources */,
				18AFF060200CA94800DDD7D9 /* Constant.swift in Sources */,
			);
			runOnlyForDeploymentPostprocessing = 0;
		};
		0F84C9E41F237B29001FECC8 /* Sources */ = {
			isa = PBXSourcesBuildPhase;
			buildActionMask = 2147483647;
			files = (
				0F84C9ED1F237B29001FECC8 /* NikoTests.swift in Sources */,
			);
			runOnlyForDeploymentPostprocessing = 0;
		};
		0F84C9F71F237BC6001FECC8 /* Sources */ = {
			isa = PBXSourcesBuildPhase;
			buildActionMask = 2147483647;
			files = (
				18DF9A1B2005EBD100504CF7 /* KeyboardLayout.swift in Sources */,
				0F84CA2E1F238022001FECC8 /* NikoBarcode.swift in Sources */,
				18DF9A0F2005EBD100504CF7 /* ImageKey.swift in Sources */,
				18DF9A162005EBD100504CF7 /* KeyboardModel.swift in Sources */,
				18DF9A182005EBD100504CF7 /* Utilities.swift in Sources */,
				18DF9A1F2005FFA700504CF7 /* UIColor+Niko.swift in Sources */,
				18DF9A122005EBD100504CF7 /* KeyboardKeyBackground.swift in Sources */,
				18DF9A172005EBD100504CF7 /* PunjabiKeyboard.swift in Sources */,
				18DF9A202005FFA700504CF7 /* String+Niko.swift in Sources */,
				18DF9A2220060D2C00504CF7 /* NikoConstant.swift in Sources */,
				0F84CA2C1F237F4B001FECC8 /* NikoBanner.swift in Sources */,
				18DF9A142005EBD100504CF7 /* DefaultKeyboard.swift in Sources */,
				18DF9A0E2005EBD100504CF7 /* ExtraView.swift in Sources */,
				18DF9A0C2005EBD100504CF7 /* DefaultSettings.swift in Sources */,
				0F84C9FE1F237BC6001FECC8 /* KeyboardViewController.swift in Sources */,
				18DF9A152005EBD100504CF7 /* DirectionEnum.swift in Sources */,
				18DF9A132005EBD100504CF7 /* Shapes.swift in Sources */,
				18DF9A192005EBD100504CF7 /* ForwardingView.swift in Sources */,
				18DF9A1A2005EBD100504CF7 /* KeyboardInputTraits.swift in Sources */,
				18DF9A112005EBD100504CF7 /* KeyboardKey.swift in Sources */,
				18DF9A102005EBD100504CF7 /* KeyboardConnector.swift in Sources */,
			);
			runOnlyForDeploymentPostprocessing = 0;
		};
/* End PBXSourcesBuildPhase section */

/* Begin PBXTargetDependency section */
		0F84C9EA1F237B29001FECC8 /* PBXTargetDependency */ = {
			isa = PBXTargetDependency;
			target = 0F84C9D31F237B29001FECC8 /* Niko */;
			targetProxy = 0F84C9E91F237B29001FECC8 /* PBXContainerItemProxy */;
		};
		0F84CA011F237BC6001FECC8 /* PBXTargetDependency */ = {
			isa = PBXTargetDependency;
			target = 0F84C9FA1F237BC6001FECC8 /* Niko Barcode */;
			targetProxy = 0F84CA001F237BC6001FECC8 /* PBXContainerItemProxy */;
		};
/* End PBXTargetDependency section */

/* Begin PBXVariantGroup section */
		0F84C9DB1F237B29001FECC8 /* Main.storyboard */ = {
			isa = PBXVariantGroup;
			children = (
				0F84C9DC1F237B29001FECC8 /* Base */,
			);
			name = Main.storyboard;
			sourceTree = "<group>";
		};
		0F84C9E01F237B29001FECC8 /* LaunchScreen.storyboard */ = {
			isa = PBXVariantGroup;
			children = (
				0F84C9E11F237B29001FECC8 /* Base */,
			);
			name = LaunchScreen.storyboard;
			sourceTree = "<group>";
		};
/* End PBXVariantGroup section */

/* Begin XCBuildConfiguration section */
		0F84C9EF1F237B29001FECC8 /* Debug */ = {
			isa = XCBuildConfiguration;
			buildSettings = {
				ALWAYS_SEARCH_USER_PATHS = NO;
				CLANG_ANALYZER_NONNULL = YES;
				CLANG_CXX_LANGUAGE_STANDARD = "gnu++0x";
				CLANG_CXX_LIBRARY = "libc++";
				CLANG_ENABLE_MODULES = YES;
				CLANG_ENABLE_OBJC_ARC = YES;
				CLANG_WARN_BOOL_CONVERSION = YES;
				CLANG_WARN_CONSTANT_CONVERSION = YES;
				CLANG_WARN_DIRECT_OBJC_ISA_USAGE = YES_ERROR;
				CLANG_WARN_DOCUMENTATION_COMMENTS = YES;
				CLANG_WARN_EMPTY_BODY = YES;
				CLANG_WARN_ENUM_CONVERSION = YES;
				CLANG_WARN_INFINITE_RECURSION = YES;
				CLANG_WARN_INT_CONVERSION = YES;
				CLANG_WARN_OBJC_ROOT_CLASS = YES_ERROR;
				CLANG_WARN_SUSPICIOUS_MOVES = YES;
				CLANG_WARN_UNREACHABLE_CODE = YES;
				CLANG_WARN__DUPLICATE_METHOD_MATCH = YES;
				"CODE_SIGN_IDENTITY[sdk=iphoneos*]" = "iPhone Developer";
				COPY_PHASE_STRIP = NO;
				DEBUG_INFORMATION_FORMAT = dwarf;
				ENABLE_STRICT_OBJC_MSGSEND = YES;
				ENABLE_TESTABILITY = YES;
				GCC_C_LANGUAGE_STANDARD = gnu99;
				GCC_DYNAMIC_NO_PIC = NO;
				GCC_NO_COMMON_BLOCKS = YES;
				GCC_OPTIMIZATION_LEVEL = 0;
				GCC_PREPROCESSOR_DEFINITIONS = (
					"DEBUG=1",
					"$(inherited)",
				);
				GCC_WARN_64_TO_32_BIT_CONVERSION = YES;
				GCC_WARN_ABOUT_RETURN_TYPE = YES_ERROR;
				GCC_WARN_UNDECLARED_SELECTOR = YES;
				GCC_WARN_UNINITIALIZED_AUTOS = YES_AGGRESSIVE;
				GCC_WARN_UNUSED_FUNCTION = YES;
				GCC_WARN_UNUSED_VARIABLE = YES;
				IPHONEOS_DEPLOYMENT_TARGET = 10.0;
				MTL_ENABLE_DEBUG_INFO = YES;
				ONLY_ACTIVE_ARCH = YES;
				SDKROOT = iphoneos;
				SWIFT_ACTIVE_COMPILATION_CONDITIONS = DEBUG;
				SWIFT_OPTIMIZATION_LEVEL = "-Onone";
			};
			name = Debug;
		};
		0F84C9F01F237B29001FECC8 /* Release */ = {
			isa = XCBuildConfiguration;
			buildSettings = {
				ALWAYS_SEARCH_USER_PATHS = NO;
				CLANG_ANALYZER_NONNULL = YES;
				CLANG_CXX_LANGUAGE_STANDARD = "gnu++0x";
				CLANG_CXX_LIBRARY = "libc++";
				CLANG_ENABLE_MODULES = YES;
				CLANG_ENABLE_OBJC_ARC = YES;
				CLANG_WARN_BOOL_CONVERSION = YES;
				CLANG_WARN_CONSTANT_CONVERSION = YES;
				CLANG_WARN_DIRECT_OBJC_ISA_USAGE = YES_ERROR;
				CLANG_WARN_DOCUMENTATION_COMMENTS = YES;
				CLANG_WARN_EMPTY_BODY = YES;
				CLANG_WARN_ENUM_CONVERSION = YES;
				CLANG_WARN_INFINITE_RECURSION = YES;
				CLANG_WARN_INT_CONVERSION = YES;
				CLANG_WARN_OBJC_ROOT_CLASS = YES_ERROR;
				CLANG_WARN_SUSPICIOUS_MOVES = YES;
				CLANG_WARN_UNREACHABLE_CODE = YES;
				CLANG_WARN__DUPLICATE_METHOD_MATCH = YES;
				"CODE_SIGN_IDENTITY[sdk=iphoneos*]" = "iPhone Developer";
				COPY_PHASE_STRIP = NO;
				DEBUG_INFORMATION_FORMAT = "dwarf-with-dsym";
				ENABLE_NS_ASSERTIONS = NO;
				ENABLE_STRICT_OBJC_MSGSEND = YES;
				GCC_C_LANGUAGE_STANDARD = gnu99;
				GCC_NO_COMMON_BLOCKS = YES;
				GCC_WARN_64_TO_32_BIT_CONVERSION = YES;
				GCC_WARN_ABOUT_RETURN_TYPE = YES_ERROR;
				GCC_WARN_UNDECLARED_SELECTOR = YES;
				GCC_WARN_UNINITIALIZED_AUTOS = YES_AGGRESSIVE;
				GCC_WARN_UNUSED_FUNCTION = YES;
				GCC_WARN_UNUSED_VARIABLE = YES;
				IPHONEOS_DEPLOYMENT_TARGET = 10.0;
				MTL_ENABLE_DEBUG_INFO = NO;
				SDKROOT = iphoneos;
				SWIFT_OPTIMIZATION_LEVEL = "-Owholemodule";
				VALIDATE_PRODUCT = YES;
			};
			name = Release;
		};
		0F84C9F21F237B29001FECC8 /* Debug */ = {
			isa = XCBuildConfiguration;
			baseConfigurationReference = 5224217E5EAD118AA2727C5E /* Pods-Niko.debug.xcconfig */;
			buildSettings = {
				ALWAYS_EMBED_SWIFT_STANDARD_LIBRARIES = YES;
				ASSETCATALOG_COMPILER_APPICON_NAME = AppIcon;
				CODE_SIGN_ENTITLEMENTS = Niko/Niko.entitlements;
				DEVELOPMENT_TEAM = VAWH7R9NX3;
				INFOPLIST_FILE = Niko/Info.plist;
				IPHONEOS_DEPLOYMENT_TARGET = 10.0;
				LD_RUNPATH_SEARCH_PATHS = "$(inherited) @executable_path/Frameworks";
				PRODUCT_BUNDLE_IDENTIFIER = com.kTeck.Niko;
				PRODUCT_NAME = "$(TARGET_NAME)";
				SWIFT_VERSION = 4.0;
				TARGETED_DEVICE_FAMILY = "1,2";
			};
			name = Debug;
		};
		0F84C9F31F237B29001FECC8 /* Release */ = {
			isa = XCBuildConfiguration;
			baseConfigurationReference = AAE6B959F8BEC20E789BDA3D /* Pods-Niko.release.xcconfig */;
			buildSettings = {
				ALWAYS_EMBED_SWIFT_STANDARD_LIBRARIES = YES;
				ASSETCATALOG_COMPILER_APPICON_NAME = AppIcon;
				CODE_SIGN_ENTITLEMENTS = Niko/Niko.entitlements;
				DEVELOPMENT_TEAM = VAWH7R9NX3;
				INFOPLIST_FILE = Niko/Info.plist;
				IPHONEOS_DEPLOYMENT_TARGET = 10.0;
				LD_RUNPATH_SEARCH_PATHS = "$(inherited) @executable_path/Frameworks";
				PRODUCT_BUNDLE_IDENTIFIER = com.kTeck.Niko;
				PRODUCT_NAME = "$(TARGET_NAME)";
				SWIFT_VERSION = 4.0;
				TARGETED_DEVICE_FAMILY = "1,2";
			};
			name = Release;
		};
		0F84C9F51F237B29001FECC8 /* Debug */ = {
			isa = XCBuildConfiguration;
			baseConfigurationReference = 685DE8F840302D78255C9CEA /* Pods-NikoTests.debug.xcconfig */;
			buildSettings = {
				ALWAYS_EMBED_SWIFT_STANDARD_LIBRARIES = YES;
				BUNDLE_LOADER = "$(TEST_HOST)";
				INFOPLIST_FILE = NikoTests/Info.plist;
				LD_RUNPATH_SEARCH_PATHS = "$(inherited) @executable_path/Frameworks @loader_path/Frameworks";
				PRODUCT_BUNDLE_IDENTIFIER = com.kTeck.NikoTests;
				PRODUCT_NAME = "$(TARGET_NAME)";
				SWIFT_SWIFT3_OBJC_INFERENCE = On;
				SWIFT_VERSION = 4.0;
				TEST_HOST = "$(BUILT_PRODUCTS_DIR)/Niko.app/Niko";
			};
			name = Debug;
		};
		0F84C9F61F237B29001FECC8 /* Release */ = {
			isa = XCBuildConfiguration;
			baseConfigurationReference = 17DA0F1D0D405AC0428F87A6 /* Pods-NikoTests.release.xcconfig */;
			buildSettings = {
				ALWAYS_EMBED_SWIFT_STANDARD_LIBRARIES = YES;
				BUNDLE_LOADER = "$(TEST_HOST)";
				INFOPLIST_FILE = NikoTests/Info.plist;
				LD_RUNPATH_SEARCH_PATHS = "$(inherited) @executable_path/Frameworks @loader_path/Frameworks";
				PRODUCT_BUNDLE_IDENTIFIER = com.kTeck.NikoTests;
				PRODUCT_NAME = "$(TARGET_NAME)";
				SWIFT_SWIFT3_OBJC_INFERENCE = On;
				SWIFT_VERSION = 4.0;
				TEST_HOST = "$(BUILT_PRODUCTS_DIR)/Niko.app/Niko";
			};
			name = Release;
		};
		0F84CA041F237BC6001FECC8 /* Debug */ = {
			isa = XCBuildConfiguration;
			baseConfigurationReference = 279F9E03E4184C1C461F00DC /* Pods-Niko Barcode.debug.xcconfig */;
			buildSettings = {
				DEVELOPMENT_TEAM = VAWH7R9NX3;
				INFOPLIST_FILE = "Niko Barcode/Info.plist";
				IPHONEOS_DEPLOYMENT_TARGET = 10.0;
				LD_RUNPATH_SEARCH_PATHS = "$(inherited) @executable_path/Frameworks @executable_path/../../Frameworks";
				PRODUCT_BUNDLE_IDENTIFIER = "com.kTeck.Niko.Niko-Barcode";
				PRODUCT_NAME = "$(TARGET_NAME)";
				SKIP_INSTALL = YES;
				SWIFT_SWIFT3_OBJC_INFERENCE = On;
				SWIFT_VERSION = 4.0;
			};
			name = Debug;
		};
		0F84CA051F237BC6001FECC8 /* Release */ = {
			isa = XCBuildConfiguration;
			baseConfigurationReference = 395DC8E2BB00876584F2709D /* Pods-Niko Barcode.release.xcconfig */;
			buildSettings = {
				DEVELOPMENT_TEAM = VAWH7R9NX3;
				INFOPLIST_FILE = "Niko Barcode/Info.plist";
				IPHONEOS_DEPLOYMENT_TARGET = 10.0;
				LD_RUNPATH_SEARCH_PATHS = "$(inherited) @executable_path/Frameworks @executable_path/../../Frameworks";
				PRODUCT_BUNDLE_IDENTIFIER = "com.kTeck.Niko.Niko-Barcode";
				PRODUCT_NAME = "$(TARGET_NAME)";
				SKIP_INSTALL = YES;
				SWIFT_SWIFT3_OBJC_INFERENCE = On;
				SWIFT_VERSION = 4.0;
			};
			name = Release;
		};
/* End XCBuildConfiguration section */

/* Begin XCConfigurationList section */
		0F84C9CF1F237B29001FECC8 /* Build configuration list for PBXProject "Niko" */ = {
			isa = XCConfigurationList;
			buildConfigurations = (
				0F84C9EF1F237B29001FECC8 /* Debug */,
				0F84C9F01F237B29001FECC8 /* Release */,
			);
			defaultConfigurationIsVisible = 0;
			defaultConfigurationName = Release;
		};
		0F84C9F11F237B29001FECC8 /* Build configuration list for PBXNativeTarget "Niko" */ = {
			isa = XCConfigurationList;
			buildConfigurations = (
				0F84C9F21F237B29001FECC8 /* Debug */,
				0F84C9F31F237B29001FECC8 /* Release */,
			);
			defaultConfigurationIsVisible = 0;
			defaultConfigurationName = Release;
		};
		0F84C9F41F237B29001FECC8 /* Build configuration list for PBXNativeTarget "NikoTests" */ = {
			isa = XCConfigurationList;
			buildConfigurations = (
				0F84C9F51F237B29001FECC8 /* Debug */,
				0F84C9F61F237B29001FECC8 /* Release */,
			);
			defaultConfigurationIsVisible = 0;
			defaultConfigurationName = Release;
		};
		0F84CA031F237BC6001FECC8 /* Build configuration list for PBXNativeTarget "Niko Barcode" */ = {
			isa = XCConfigurationList;
			buildConfigurations = (
				0F84CA041F237BC6001FECC8 /* Debug */,
				0F84CA051F237BC6001FECC8 /* Release */,
			);
			defaultConfigurationIsVisible = 0;
			defaultConfigurationName = Release;
		};
/* End XCConfigurationList section */
	};
	rootObject = 0F84C9CC1F237B29001FECC8 /* Project object */;
}
